// !$*UTF8*$!
{
	archiveVersion = 1;
	classes = {
	};
	objectVersion = 48;
	objects = {

/* Begin PBXBuildFile section */
		FD60E4B22003FD980064D389 /* AppDelegate.swift in Sources */ = {isa = PBXBuildFile; fileRef = FD60E4B12003FD980064D389 /* AppDelegate.swift */; };
		FD60E4B92003FD980064D389 /* Assets.xcassets in Resources */ = {isa = PBXBuildFile; fileRef = FD60E4B82003FD980064D389 /* Assets.xcassets */; };
		FD60E4BC2003FD980064D389 /* LaunchScreen.storyboard in Resources */ = {isa = PBXBuildFile; fileRef = FD60E4BA2003FD980064D389 /* LaunchScreen.storyboard */; };
		FD60E4C72003FD980064D389 /* TimrTests.swift in Sources */ = {isa = PBXBuildFile; fileRef = FD60E4C62003FD980064D389 /* TimrTests.swift */; };
		FD60E4D22003FD980064D389 /* TimrUITests.swift in Sources */ = {isa = PBXBuildFile; fileRef = FD60E4D12003FD980064D389 /* TimrUITests.swift */; };
		FD60E4E7200405E30064D389 /* JDCoordinator.framework in Frameworks */ = {isa = PBXBuildFile; fileRef = FD60E4E6200405E30064D389 /* JDCoordinator.framework */; settings = {ATTRIBUTES = (Required, ); }; };
		FD60E4E9200408850064D389 /* AppCoordinator.swift in Sources */ = {isa = PBXBuildFile; fileRef = FD60E4E8200408850064D389 /* AppCoordinator.swift */; };
		FD60E4EB200412F70064D389 /* JDCoordinator.framework in Embed Frameworks */ = {isa = PBXBuildFile; fileRef = FD60E4E6200405E30064D389 /* JDCoordinator.framework */; settings = {ATTRIBUTES = (CodeSignOnCopy, RemoveHeadersOnCopy, ); }; };
/* End PBXBuildFile section */

/* Begin PBXContainerItemProxy section */
		FD60E4C32003FD980064D389 /* PBXContainerItemProxy */ = {
			isa = PBXContainerItemProxy;
			containerPortal = FD60E4A62003FD980064D389 /* Project object */;
			proxyType = 1;
			remoteGlobalIDString = FD60E4AD2003FD980064D389;
			remoteInfo = Timr;
		};
		FD60E4CE2003FD980064D389 /* PBXContainerItemProxy */ = {
			isa = PBXContainerItemProxy;
			containerPortal = FD60E4A62003FD980064D389 /* Project object */;
			proxyType = 1;
			remoteGlobalIDString = FD60E4AD2003FD980064D389;
			remoteInfo = Timr;
		};
/* End PBXContainerItemProxy section */

/* Begin PBXCopyFilesBuildPhase section */
		FD60E4EA200412E90064D389 /* Embed Frameworks */ = {
			isa = PBXCopyFilesBuildPhase;
			buildActionMask = 2147483647;
			dstPath = "";
			dstSubfolderSpec = 10;
			files = (
				FD60E4EB200412F70064D389 /* JDCoordinator.framework in Embed Frameworks */,
			);
			name = "Embed Frameworks";
			runOnlyForDeploymentPostprocessing = 0;
		};
/* End PBXCopyFilesBuildPhase section */

/* Begin PBXFileReference section */
		FD60E4AE2003FD980064D389 /* Timr.app */ = {isa = PBXFileReference; explicitFileType = wrapper.application; includeInIndex = 0; path = Timr.app; sourceTree = BUILT_PRODUCTS_DIR; };
		FD60E4B12003FD980064D389 /* AppDelegate.swift */ = {isa = PBXFileReference; lastKnownFileType = sourcecode.swift; path = AppDelegate.swift; sourceTree = "<group>"; };
		FD60E4B82003FD980064D389 /* Assets.xcassets */ = {isa = PBXFileReference; lastKnownFileType = folder.assetcatalog; path = Assets.xcassets; sourceTree = "<group>"; };
		FD60E4BB2003FD980064D389 /* Base */ = {isa = PBXFileReference; lastKnownFileType = file.storyboard; name = Base; path = Base.lproj/LaunchScreen.storyboard; sourceTree = "<group>"; };
		FD60E4BD2003FD980064D389 /* Info.plist */ = {isa = PBXFileReference; lastKnownFileType = text.plist.xml; path = Info.plist; sourceTree = "<group>"; };
		FD60E4C22003FD980064D389 /* TimrTests.xctest */ = {isa = PBXFileReference; explicitFileType = wrapper.cfbundle; includeInIndex = 0; path = TimrTests.xctest; sourceTree = BUILT_PRODUCTS_DIR; };
		FD60E4C62003FD980064D389 /* TimrTests.swift */ = {isa = PBXFileReference; lastKnownFileType = sourcecode.swift; path = TimrTests.swift; sourceTree = "<group>"; };
		FD60E4C82003FD980064D389 /* Info.plist */ = {isa = PBXFileReference; lastKnownFileType = text.plist.xml; path = Info.plist; sourceTree = "<group>"; };
		FD60E4CD2003FD980064D389 /* TimrUITests.xctest */ = {isa = PBXFileReference; explicitFileType = wrapper.cfbundle; includeInIndex = 0; path = TimrUITests.xctest; sourceTree = BUILT_PRODUCTS_DIR; };
		FD60E4D12003FD980064D389 /* TimrUITests.swift */ = {isa = PBXFileReference; lastKnownFileType = sourcecode.swift; path = TimrUITests.swift; sourceTree = "<group>"; };
		FD60E4D32003FD980064D389 /* Info.plist */ = {isa = PBXFileReference; lastKnownFileType = text.plist.xml; path = Info.plist; sourceTree = "<group>"; };
		FD60E4E6200405E30064D389 /* JDCoordinator.framework */ = {isa = PBXFileReference; lastKnownFileType = wrapper.framework; name = JDCoordinator.framework; path = Carthage/Build/iOS/JDCoordinator.framework; sourceTree = "<group>"; };
		FD60E4E8200408850064D389 /* AppCoordinator.swift */ = {isa = PBXFileReference; lastKnownFileType = sourcecode.swift; path = AppCoordinator.swift; sourceTree = "<group>"; };
/* End PBXFileReference section */

/* Begin PBXFrameworksBuildPhase section */
		FD60E4AB2003FD980064D389 /* Frameworks */ = {
			isa = PBXFrameworksBuildPhase;
			buildActionMask = 2147483647;
			files = (
				FD60E4E7200405E30064D389 /* JDCoordinator.framework in Frameworks */,
			);
			runOnlyForDeploymentPostprocessing = 0;
		};
		FD60E4BF2003FD980064D389 /* Frameworks */ = {
			isa = PBXFrameworksBuildPhase;
			buildActionMask = 2147483647;
			files = (
			);
			runOnlyForDeploymentPostprocessing = 0;
		};
		FD60E4CA2003FD980064D389 /* Frameworks */ = {
			isa = PBXFrameworksBuildPhase;
			buildActionMask = 2147483647;
			files = (
			);
			runOnlyForDeploymentPostprocessing = 0;
		};
/* End PBXFrameworksBuildPhase section */

/* Begin PBXGroup section */
		FD60E4A52003FD980064D389 = {
			isa = PBXGroup;
			children = (
				FD60E4B02003FD980064D389 /* Timr */,
				FD60E4C52003FD980064D389 /* TimrTests */,
				FD60E4D02003FD980064D389 /* TimrUITests */,
				FD60E4AF2003FD980064D389 /* Products */,
				FD60E4E5200405E30064D389 /* Frameworks */,
			);
			sourceTree = "<group>";
		};
		FD60E4AF2003FD980064D389 /* Products */ = {
			isa = PBXGroup;
			children = (
				FD60E4AE2003FD980064D389 /* Timr.app */,
				FD60E4C22003FD980064D389 /* TimrTests.xctest */,
				FD60E4CD2003FD980064D389 /* TimrUITests.xctest */,
			);
			name = Products;
			sourceTree = "<group>";
		};
		FD60E4B02003FD980064D389 /* Timr */ = {
			isa = PBXGroup;
			children = (
				FD60E4B12003FD980064D389 /* AppDelegate.swift */,
				FD60E4E8200408850064D389 /* AppCoordinator.swift */,
				FD60E4B82003FD980064D389 /* Assets.xcassets */,
				FD60E4BA2003FD980064D389 /* LaunchScreen.storyboard */,
				FD60E4BD2003FD980064D389 /* Info.plist */,
			);
			path = Timr;
			sourceTree = "<group>";
		};
		FD60E4C52003FD980064D389 /* TimrTests */ = {
			isa = PBXGroup;
			children = (
				FD60E4C62003FD980064D389 /* TimrTests.swift */,
				FD60E4C82003FD980064D389 /* Info.plist */,
			);
			path = TimrTests;
			sourceTree = "<group>";
		};
		FD60E4D02003FD980064D389 /* TimrUITests */ = {
			isa = PBXGroup;
			children = (
				FD60E4D12003FD980064D389 /* TimrUITests.swift */,
				FD60E4D32003FD980064D389 /* Info.plist */,
			);
			path = TimrUITests;
			sourceTree = "<group>";
		};
		FD60E4E5200405E30064D389 /* Frameworks */ = {
			isa = PBXGroup;
			children = (
				FD60E4E6200405E30064D389 /* JDCoordinator.framework */,
			);
			name = Frameworks;
			sourceTree = "<group>";
		};
/* End PBXGroup section */

/* Begin PBXNativeTarget section */
		FD60E4AD2003FD980064D389 /* Timr */ = {
			isa = PBXNativeTarget;
			buildConfigurationList = FD60E4D62003FD980064D389 /* Build configuration list for PBXNativeTarget "Timr" */;
			buildPhases = (
				FD60E4AA2003FD980064D389 /* Sources */,
				FD60E4AB2003FD980064D389 /* Frameworks */,
				FD60E4AC2003FD980064D389 /* Resources */,
				FD60E4EA200412E90064D389 /* Embed Frameworks */,
			);
			buildRules = (
			);
			dependencies = (
			);
			name = Timr;
			productName = Timr;
			productReference = FD60E4AE2003FD980064D389 /* Timr.app */;
			productType = "com.apple.product-type.application";
		};
		FD60E4C12003FD980064D389 /* TimrTests */ = {
			isa = PBXNativeTarget;
			buildConfigurationList = FD60E4D92003FD980064D389 /* Build configuration list for PBXNativeTarget "TimrTests" */;
			buildPhases = (
				FD60E4BE2003FD980064D389 /* Sources */,
				FD60E4BF2003FD980064D389 /* Frameworks */,
				FD60E4C02003FD980064D389 /* Resources */,
			);
			buildRules = (
			);
			dependencies = (
				FD60E4C42003FD980064D389 /* PBXTargetDependency */,
			);
			name = TimrTests;
			productName = TimrTests;
			productReference = FD60E4C22003FD980064D389 /* TimrTests.xctest */;
			productType = "com.apple.product-type.bundle.unit-test";
		};
		FD60E4CC2003FD980064D389 /* TimrUITests */ = {
			isa = PBXNativeTarget;
			buildConfigurationList = FD60E4DC2003FD980064D389 /* Build configuration list for PBXNativeTarget "TimrUITests" */;
			buildPhases = (
				FD60E4C92003FD980064D389 /* Sources */,
				FD60E4CA2003FD980064D389 /* Frameworks */,
				FD60E4CB2003FD980064D389 /* Resources */,
			);
			buildRules = (
			);
			dependencies = (
				FD60E4CF2003FD980064D389 /* PBXTargetDependency */,
			);
			name = TimrUITests;
			productName = TimrUITests;
			productReference = FD60E4CD2003FD980064D389 /* TimrUITests.xctest */;
			productType = "com.apple.product-type.bundle.ui-testing";
		};
/* End PBXNativeTarget section */

/* Begin PBXProject section */
		FD60E4A62003FD980064D389 /* Project object */ = {
			isa = PBXProject;
			attributes = {
				LastSwiftUpdateCheck = 0920;
				LastUpgradeCheck = 0920;
				ORGANIZATIONNAME = "Jan Dammshäuser";
				TargetAttributes = {
					FD60E4AD2003FD980064D389 = {
						CreatedOnToolsVersion = 9.2;
						ProvisioningStyle = Automatic;
					};
					FD60E4C12003FD980064D389 = {
						CreatedOnToolsVersion = 9.2;
						ProvisioningStyle = Automatic;
						TestTargetID = FD60E4AD2003FD980064D389;
					};
					FD60E4CC2003FD980064D389 = {
						CreatedOnToolsVersion = 9.2;
						ProvisioningStyle = Automatic;
						TestTargetID = FD60E4AD2003FD980064D389;
					};
				};
			};
			buildConfigurationList = FD60E4A92003FD980064D389 /* Build configuration list for PBXProject "Timr" */;
			compatibilityVersion = "Xcode 8.0";
			developmentRegion = en;
			hasScannedForEncodings = 0;
			knownRegions = (
				en,
				Base,
			);
			mainGroup = FD60E4A52003FD980064D389;
			productRefGroup = FD60E4AF2003FD980064D389 /* Products */;
			projectDirPath = "";
			projectRoot = "";
			targets = (
				FD60E4AD2003FD980064D389 /* Timr */,
				FD60E4C12003FD980064D389 /* TimrTests */,
				FD60E4CC2003FD980064D389 /* TimrUITests */,
			);
		};
/* End PBXProject section */

/* Begin PBXResourcesBuildPhase section */
		FD60E4AC2003FD980064D389 /* Resources */ = {
			isa = PBXResourcesBuildPhase;
			buildActionMask = 2147483647;
			files = (
				FD60E4BC2003FD980064D389 /* LaunchScreen.storyboard in Resources */,
				FD60E4B92003FD980064D389 /* Assets.xcassets in Resources */,
			);
			runOnlyForDeploymentPostprocessing = 0;
		};
		FD60E4C02003FD980064D389 /* Resources */ = {
			isa = PBXResourcesBuildPhase;
			buildActionMask = 2147483647;
			files = (
			);
			runOnlyForDeploymentPostprocessing = 0;
		};
		FD60E4CB2003FD980064D389 /* Resources */ = {
			isa = PBXResourcesBuildPhase;
			buildActionMask = 2147483647;
			files = (
			);
			runOnlyForDeploymentPostprocessing = 0;
		};
/* End PBXResourcesBuildPhase section */

/* Begin PBXSourcesBuildPhase section */
		FD60E4AA2003FD980064D389 /* Sources */ = {
			isa = PBXSourcesBuildPhase;
			buildActionMask = 2147483647;
			files = (
				FD60E4E9200408850064D389 /* AppCoordinator.swift in Sources */,
				FD60E4B22003FD980064D389 /* AppDelegate.swift in Sources */,
			);
			runOnlyForDeploymentPostprocessing = 0;
		};
		FD60E4BE2003FD980064D389 /* Sources */ = {
			isa = PBXSourcesBuildPhase;
			buildActionMask = 2147483647;
			files = (
				FD60E4C72003FD980064D389 /* TimrTests.swift in Sources */,
			);
			runOnlyForDeploymentPostprocessing = 0;
		};
		FD60E4C92003FD980064D389 /* Sources */ = {
			isa = PBXSourcesBuildPhase;
			buildActionMask = 2147483647;
			files = (
				FD60E4D22003FD980064D389 /* TimrUITests.swift in Sources */,
			);
			runOnlyForDeploymentPostprocessing = 0;
		};
/* End PBXSourcesBuildPhase section */

/* Begin PBXTargetDependency section */
		FD60E4C42003FD980064D389 /* PBXTargetDependency */ = {
			isa = PBXTargetDependency;
			target = FD60E4AD2003FD980064D389 /* Timr */;
			targetProxy = FD60E4C32003FD980064D389 /* PBXContainerItemProxy */;
		};
		FD60E4CF2003FD980064D389 /* PBXTargetDependency */ = {
			isa = PBXTargetDependency;
			target = FD60E4AD2003FD980064D389 /* Timr */;
			targetProxy = FD60E4CE2003FD980064D389 /* PBXContainerItemProxy */;
		};
/* End PBXTargetDependency section */

/* Begin PBXVariantGroup section */
		FD60E4BA2003FD980064D389 /* LaunchScreen.storyboard */ = {
			isa = PBXVariantGroup;
			children = (
				FD60E4BB2003FD980064D389 /* Base */,
			);
			name = LaunchScreen.storyboard;
			sourceTree = "<group>";
		};
/* End PBXVariantGroup section */

/* Begin XCBuildConfiguration section */
		FD60E4D42003FD980064D389 /* Debug */ = {
			isa = XCBuildConfiguration;
			buildSettings = {
				ALWAYS_SEARCH_USER_PATHS = NO;
				CLANG_ANALYZER_NONNULL = YES;
				CLANG_ANALYZER_NUMBER_OBJECT_CONVERSION = YES_AGGRESSIVE;
				CLANG_CXX_LANGUAGE_STANDARD = "gnu++14";
				CLANG_CXX_LIBRARY = "libc++";
				CLANG_ENABLE_MODULES = YES;
				CLANG_ENABLE_OBJC_ARC = YES;
				CLANG_WARN_BLOCK_CAPTURE_AUTORELEASING = YES;
				CLANG_WARN_BOOL_CONVERSION = YES;
				CLANG_WARN_COMMA = YES;
				CLANG_WARN_CONSTANT_CONVERSION = YES;
				CLANG_WARN_DIRECT_OBJC_ISA_USAGE = YES_ERROR;
				CLANG_WARN_DOCUMENTATION_COMMENTS = YES;
				CLANG_WARN_EMPTY_BODY = YES;
				CLANG_WARN_ENUM_CONVERSION = YES;
				CLANG_WARN_INFINITE_RECURSION = YES;
				CLANG_WARN_INT_CONVERSION = YES;
				CLANG_WARN_NON_LITERAL_NULL_CONVERSION = YES;
				CLANG_WARN_OBJC_LITERAL_CONVERSION = YES;
				CLANG_WARN_OBJC_ROOT_CLASS = YES_ERROR;
				CLANG_WARN_RANGE_LOOP_ANALYSIS = YES;
				CLANG_WARN_STRICT_PROTOTYPES = YES;
				CLANG_WARN_SUSPICIOUS_MOVE = YES;
				CLANG_WARN_UNGUARDED_AVAILABILITY = YES_AGGRESSIVE;
				CLANG_WARN_UNREACHABLE_CODE = YES;
				CLANG_WARN__DUPLICATE_METHOD_MATCH = YES;
				CODE_SIGN_IDENTITY = "iPhone Developer";
				COPY_PHASE_STRIP = NO;
				DEBUG_INFORMATION_FORMAT = dwarf;
				ENABLE_STRICT_OBJC_MSGSEND = YES;
				ENABLE_TESTABILITY = YES;
				GCC_C_LANGUAGE_STANDARD = gnu11;
				GCC_DYNAMIC_NO_PIC = NO;
				GCC_NO_COMMON_BLOCKS = YES;
				GCC_OPTIMIZATION_LEVEL = 0;
				GCC_PREPROCESSOR_DEFINITIONS = (
					"DEBUG=1",
					"$(inherited)",
				);
				GCC_WARN_64_TO_32_BIT_CONVERSION = YES;
				GCC_WARN_ABOUT_RETURN_TYPE = YES_ERROR;
				GCC_WARN_UNDECLARED_SELECTOR = YES;
				GCC_WARN_UNINITIALIZED_AUTOS = YES_AGGRESSIVE;
				GCC_WARN_UNUSED_FUNCTION = YES;
				GCC_WARN_UNUSED_VARIABLE = YES;
				IPHONEOS_DEPLOYMENT_TARGET = 11.2;
				MTL_ENABLE_DEBUG_INFO = YES;
				ONLY_ACTIVE_ARCH = YES;
				SDKROOT = iphoneos;
				SWIFT_ACTIVE_COMPILATION_CONDITIONS = DEBUG;
				SWIFT_OPTIMIZATION_LEVEL = "-Onone";
			};
			name = Debug;
		};
		FD60E4D52003FD980064D389 /* Release */ = {
			isa = XCBuildConfiguration;
			buildSettings = {
				ALWAYS_SEARCH_USER_PATHS = NO;
				CLANG_ANALYZER_NONNULL = YES;
				CLANG_ANALYZER_NUMBER_OBJECT_CONVERSION = YES_AGGRESSIVE;
				CLANG_CXX_LANGUAGE_STANDARD = "gnu++14";
				CLANG_CXX_LIBRARY = "libc++";
				CLANG_ENABLE_MODULES = YES;
				CLANG_ENABLE_OBJC_ARC = YES;
				CLANG_WARN_BLOCK_CAPTURE_AUTORELEASING = YES;
				CLANG_WARN_BOOL_CONVERSION = YES;
				CLANG_WARN_COMMA = YES;
				CLANG_WARN_CONSTANT_CONVERSION = YES;
				CLANG_WARN_DIRECT_OBJC_ISA_USAGE = YES_ERROR;
				CLANG_WARN_DOCUMENTATION_COMMENTS = YES;
				CLANG_WARN_EMPTY_BODY = YES;
				CLANG_WARN_ENUM_CONVERSION = YES;
				CLANG_WARN_INFINITE_RECURSION = YES;
				CLANG_WARN_INT_CONVERSION = YES;
				CLANG_WARN_NON_LITERAL_NULL_CONVERSION = YES;
				CLANG_WARN_OBJC_LITERAL_CONVERSION = YES;
				CLANG_WARN_OBJC_ROOT_CLASS = YES_ERROR;
				CLANG_WARN_RANGE_LOOP_ANALYSIS = YES;
				CLANG_WARN_STRICT_PROTOTYPES = YES;
				CLANG_WARN_SUSPICIOUS_MOVE = YES;
				CLANG_WARN_UNGUARDED_AVAILABILITY = YES_AGGRESSIVE;
				CLANG_WARN_UNREACHABLE_CODE = YES;
				CLANG_WARN__DUPLICATE_METHOD_MATCH = YES;
				CODE_SIGN_IDENTITY = "iPhone Developer";
				COPY_PHASE_STRIP = NO;
				DEBUG_INFORMATION_FORMAT = "dwarf-with-dsym";
				ENABLE_NS_ASSERTIONS = NO;
				ENABLE_STRICT_OBJC_MSGSEND = YES;
				GCC_C_LANGUAGE_STANDARD = gnu11;
				GCC_NO_COMMON_BLOCKS = YES;
				GCC_WARN_64_TO_32_BIT_CONVERSION = YES;
				GCC_WARN_ABOUT_RETURN_TYPE = YES_ERROR;
				GCC_WARN_UNDECLARED_SELECTOR = YES;
				GCC_WARN_UNINITIALIZED_AUTOS = YES_AGGRESSIVE;
				GCC_WARN_UNUSED_FUNCTION = YES;
				GCC_WARN_UNUSED_VARIABLE = YES;
				IPHONEOS_DEPLOYMENT_TARGET = 11.2;
				MTL_ENABLE_DEBUG_INFO = NO;
				SDKROOT = iphoneos;
				SWIFT_OPTIMIZATION_LEVEL = "-Owholemodule";
				VALIDATE_PRODUCT = YES;
			};
			name = Release;
		};
		FD60E4D72003FD980064D389 /* Debug */ = {
			isa = XCBuildConfiguration;
			buildSettings = {
				ASSETCATALOG_COMPILER_APPICON_NAME = AppIcon;
				CODE_SIGN_STYLE = Automatic;
				DEVELOPMENT_TEAM = 6N9Z26P656;
				FRAMEWORK_SEARCH_PATHS = (
					"$(inherited)",
					"$(PROJECT_DIR)/Carthage/Build/iOS",
				);
				INFOPLIST_FILE = Timr/Info.plist;
				LD_RUNPATH_SEARCH_PATHS = "$(inherited) @executable_path/Frameworks";
				PRODUCT_BUNDLE_IDENTIFIER = de.jandamm.personal.Timr;
				PRODUCT_NAME = "$(TARGET_NAME)";
				SWIFT_VERSION = 4.0;
				TARGETED_DEVICE_FAMILY = "1,2";
			};
			name = Debug;
		};
		FD60E4D82003FD980064D389 /* Release */ = {
			isa = XCBuildConfiguration;
			buildSettings = {
				ASSETCATALOG_COMPILER_APPICON_NAME = AppIcon;
				CODE_SIGN_STYLE = Automatic;
				DEVELOPMENT_TEAM = 6N9Z26P656;
				FRAMEWORK_SEARCH_PATHS = (
					"$(inherited)",
					"$(PROJECT_DIR)/Carthage/Build/iOS",
				);
				INFOPLIST_FILE = Timr/Info.plist;
				LD_RUNPATH_SEARCH_PATHS = "$(inherited) @executable_path/Frameworks";
				PRODUCT_BUNDLE_IDENTIFIER = de.jandamm.personal.Timr;
				PRODUCT_NAME = "$(TARGET_NAME)";
				SWIFT_VERSION = 4.0;
				TARGETED_DEVICE_FAMILY = "1,2";
			};
			name = Release;
		};
		FD60E4DA2003FD980064D389 /* Debug */ = {
			isa = XCBuildConfiguration;
			buildSettings = {
				ALWAYS_EMBED_SWIFT_STANDARD_LIBRARIES = YES;
				BUNDLE_LOADER = "$(TEST_HOST)";
				CODE_SIGN_STYLE = Automatic;
				DEVELOPMENT_TEAM = 6N9Z26P656;
				INFOPLIST_FILE = TimrTests/Info.plist;
				LD_RUNPATH_SEARCH_PATHS = "$(inherited) @executable_path/Frameworks @loader_path/Frameworks";
				PRODUCT_BUNDLE_IDENTIFIER = de.jandamm.personal.TimrTests;
				PRODUCT_NAME = "$(TARGET_NAME)";
				SWIFT_VERSION = 4.0;
				TARGETED_DEVICE_FAMILY = "1,2";
				TEST_HOST = "$(BUILT_PRODUCTS_DIR)/Timr.app/Timr";
			};
			name = Debug;
		};
		FD60E4DB2003FD980064D389 /* Release */ = {
			isa = XCBuildConfiguration;
			buildSettings = {
				ALWAYS_EMBED_SWIFT_STANDARD_LIBRARIES = YES;
				BUNDLE_LOADER = "$(TEST_HOST)";
				CODE_SIGN_STYLE = Automatic;
				DEVELOPMENT_TEAM = 6N9Z26P656;
				INFOPLIST_FILE = TimrTests/Info.plist;
				LD_RUNPATH_SEARCH_PATHS = "$(inherited) @executable_path/Frameworks @loader_path/Frameworks";
				PRODUCT_BUNDLE_IDENTIFIER = de.jandamm.personal.TimrTests;
				PRODUCT_NAME = "$(TARGET_NAME)";
				SWIFT_VERSION = 4.0;
				TARGETED_DEVICE_FAMILY = "1,2";
				TEST_HOST = "$(BUILT_PRODUCTS_DIR)/Timr.app/Timr";
			};
			name = Release;
		};
		FD60E4DD2003FD980064D389 /* Debug */ = {
			isa = XCBuildConfiguration;
			buildSettings = {
				ALWAYS_EMBED_SWIFT_STANDARD_LIBRARIES = YES;
				CODE_SIGN_STYLE = Automatic;
				DEVELOPMENT_TEAM = 6N9Z26P656;
				INFOPLIST_FILE = TimrUITests/Info.plist;
				LD_RUNPATH_SEARCH_PATHS = "$(inherited) @executable_path/Frameworks @loader_path/Frameworks";
				PRODUCT_BUNDLE_IDENTIFIER = de.jandamm.personal.TimrUITests;
				PRODUCT_NAME = "$(TARGET_NAME)";
				SWIFT_VERSION = 4.0;
				TARGETED_DEVICE_FAMILY = "1,2";
				TEST_TARGET_NAME = Timr;
			};
			name = Debug;
		};
		FD60E4DE2003FD980064D389 /* Release */ = {
			isa = XCBuildConfiguration;
			buildSettings = {
				ALWAYS_EMBED_SWIFT_STANDARD_LIBRARIES = YES;
				CODE_SIGN_STYLE = Automatic;
				DEVELOPMENT_TEAM = 6N9Z26P656;
				INFOPLIST_FILE = TimrUITests/Info.plist;
				LD_RUNPATH_SEARCH_PATHS = "$(inherited) @executable_path/Frameworks @loader_path/Frameworks";
				PRODUCT_BUNDLE_IDENTIFIER = de.jandamm.personal.TimrUITests;
				PRODUCT_NAME = "$(TARGET_NAME)";
				SWIFT_VERSION = 4.0;
				TARGETED_DEVICE_FAMILY = "1,2";
				TEST_TARGET_NAME = Timr;
			};
			name = Release;
		};
/* End XCBuildConfiguration section */

/* Begin XCConfigurationList section */
		FD60E4A92003FD980064D389 /* Build configuration list for PBXProject "Timr" */ = {
			isa = XCConfigurationList;
			buildConfigurations = (
				FD60E4D42003FD980064D389 /* Debug */,
				FD60E4D52003FD980064D389 /* Release */,
			);
			defaultConfigurationIsVisible = 0;
			defaultConfigurationName = Release;
		};
		FD60E4D62003FD980064D389 /* Build configuration list for PBXNativeTarget "Timr" */ = {
			isa = XCConfigurationList;
			buildConfigurations = (
				FD60E4D72003FD980064D389 /* Debug */,
				FD60E4D82003FD980064D389 /* Release */,
			);
			defaultConfigurationIsVisible = 0;
			defaultConfigurationName = Release;
		};
		FD60E4D92003FD980064D389 /* Build configuration list for PBXNativeTarget "TimrTests" */ = {
			isa = XCConfigurationList;
			buildConfigurations = (
				FD60E4DA2003FD980064D389 /* Debug */,
				FD60E4DB2003FD980064D389 /* Release */,
			);
			defaultConfigurationIsVisible = 0;
			defaultConfigurationName = Release;
		};
		FD60E4DC2003FD980064D389 /* Build configuration list for PBXNativeTarget "TimrUITests" */ = {
			isa = XCConfigurationList;
			buildConfigurations = (
				FD60E4DD2003FD980064D389 /* Debug */,
				FD60E4DE2003FD980064D389 /* Release */,
			);
			defaultConfigurationIsVisible = 0;
			defaultConfigurationName = Release;
		};
/* End XCConfigurationList section */
	};
	rootObject = FD60E4A62003FD980064D389 /* Project object */;
}
